<?xml version="1.0" encoding="utf-8"?>
<Project ToolsVersion="4.0" xmlns="http://schemas.microsoft.com/developer/msbuild/2003">
  <ItemGroup>
    <Filter Include="Common Files">
      <UniqueIdentifier>{b4b7c47c-e6d2-4246-b839-07cc0b21fe32}</UniqueIdentifier>
    </Filter>
    <Filter Include="Resource Files">
      <UniqueIdentifier>{67DA6AB6-F800-4c08-8B7A-83BB121AAD01}</UniqueIdentifier>
      <Extensions>rc;ico;cur;bmp;dlg;rc2;rct;bin;rgs;gif;jpg;jpeg;jpe;resx;tiff;tif;png;wav</Extensions>
    </Filter>
  </ItemGroup>
  <ItemGroup>
    <ClCompile Include="..\common\cenumpins.cc">
      <Filter>Common Files</Filter>
    </ClCompile>
    <ClCompile Include="..\common\cfactory.cc">
      <Filter>Common Files</Filter>
    </ClCompile>
    <ClCompile Include="..\common\clockable.cc">
      <Filter>Common Files</Filter>
    </ClCompile>
    <ClCompile Include="..\common\cmediasample.cc">
      <Filter>Common Files</Filter>
    </ClCompile>
    <ClCompile Include="..\common\cmediatypes.cc">
      <Filter>Common Files</Filter>
    </ClCompile>
    <ClCompile Include="..\common\cmemallocator.cc">
      <Filter>Common Files</Filter>
    </ClCompile>
    <ClCompile Include="..\common\comreg.cc">
      <Filter>Common Files</Filter>
    </ClCompile>
    <ClCompile Include="..\common\mediatypeutil.cc">
      <Filter>Common Files</Filter>
    </ClCompile>
    <ClCompile Include="..\common\webmtypes.cc">
      <Filter>Common Files</Filter>
    </ClCompile>
    <ClCompile Include="..\IDL\vp8decoderidl.c">
      <Filter>Resource Files</Filter>
    </ClCompile>
    <ClCompile Include="dllentry.cc" />
    <ClCompile Include="vp8decoderfilter.cc" />
    <ClCompile Include="vp8decoderinpin.cc" />
    <ClCompile Include="vp8decoderoutpin.cc" />
    <ClCompile Include="vp8decoderpin.cc" />
  </ItemGroup>
  <ItemGroup>
    <ClInclude Include="..\common\cenumpins.h">
      <Filter>Common Files</Filter>
    </ClInclude>
    <ClInclude Include="..\common\cfactory.h">
      <Filter>Common Files</Filter>
    </ClInclude>
    <ClInclude Include="..\common\clockable.h">
      <Filter>Common Files</Filter>
    </ClInclude>
    <ClInclude Include="..\common\cmediasample.h">
      <Filter>Common Files</Filter>
    </ClInclude>
    <ClInclude Include="..\common\cmediatypes.h">
      <Filter>Common Files</Filter>
    </ClInclude>
    <ClInclude Include="..\common\cmemallocator.h">
      <Filter>Common Files</Filter>
    </ClInclude>
    <ClInclude Include="..\common\comreg.h">
      <Filter>Common Files</Filter>
    </ClInclude>
    <ClInclude Include="..\common\mediatypeutil.h">
      <Filter>Common Files</Filter>
    </ClInclude>
    <ClInclude Include="..\common\webmtypes.h">
      <Filter>Common Files</Filter>
    </ClInclude>
    <ClInclude Include="resource.h">
      <Filter>Resource Files</Filter>
    </ClInclude>
    <ClInclude Include="..\IDL\vp8decoderidl.h">
      <Filter>Resource Files</Filter>
    </ClInclude>
    <ClInclude Include="vp8decoderfilter.h" />
    <ClInclude Include="vp8decoderinpin.h" />
    <ClInclude Include="vp8decoderoutpin.h" />
    <ClInclude Include="vp8decoderpin.h" />
  </ItemGroup>
  <ItemGroup>
    <Midl Include="..\IDL\vp8decoder.idl">
      <Filter>Resource Files</Filter>
    </Midl>
  </ItemGroup>
  <ItemGroup>
    <ResourceCompile Include="vp8decoder.rc">
      <Filter>Resource Files</Filter>
    </ResourceCompile>
  </ItemGroup>
</Project>