<?xml version="1.0" encoding="utf-8"?>
<Project ToolsVersion="4.0" xmlns="http://schemas.microsoft.com/developer/msbuild/2003">
  <ItemGroup>
    <Filter Include="Resource Files">
      <UniqueIdentifier>{67DA6AB6-F800-4c08-8B7A-83BB121AAD01}</UniqueIdentifier>
      <Extensions>rc;ico;cur;bmp;dlg;rc2;rct;bin;rgs;gif;jpg;jpeg;jpe;resx;tiff;tif;png;wav</Extensions>
    </Filter>
    <Filter Include="Common Files">
      <UniqueIdentifier>{a9b1df23-201b-4f3e-a111-3dd7349b4370}</UniqueIdentifier>
    </Filter>
  </ItemGroup>
  <ItemGroup>
    <ClInclude Include="resource.h">
      <Filter>Resource Files</Filter>
    </ClInclude>
    <ClInclude Include="..\IDL\vp8encoderidl.h">
      <Filter>Resource Files</Filter>
    </ClInclude>
    <ClInclude Include="..\common\cenumpins.hpp">
      <Filter>Common Files</Filter>
    </ClInclude>
    <ClInclude Include="..\common\cfactory.hpp">
      <Filter>Common Files</Filter>
    </ClInclude>
    <ClInclude Include="..\common\clockable.hpp">
      <Filter>Common Files</Filter>
    </ClInclude>
    <ClInclude Include="..\common\cmediasample.hpp">
      <Filter>Common Files</Filter>
    </ClInclude>
    <ClInclude Include="..\common\cmediatypes.hpp">
      <Filter>Common Files</Filter>
    </ClInclude>
    <ClInclude Include="..\common\cmemallocator.hpp">
      <Filter>Common Files</Filter>
    </ClInclude>
    <ClInclude Include="..\common\comreg.hpp">
      <Filter>Common Files</Filter>
    </ClInclude>
    <ClInclude Include="..\common\cvp8sample.hpp">
      <Filter>Common Files</Filter>
    </ClInclude>
    <ClInclude Include="..\common\mediatypeutil.hpp">
      <Filter>Common Files</Filter>
    </ClInclude>
    <ClInclude Include="..\common\webmtypes.hpp">
      <Filter>Common Files</Filter>
    </ClInclude>
    <ClInclude Include="vp8encoderfilter.hpp" />
    <ClInclude Include="vp8encoderinpin.hpp" />
    <ClInclude Include="vp8encoderoutpin.hpp" />
    <ClInclude Include="vp8encoderoutpinpreview.hpp" />
    <ClInclude Include="vp8encoderoutpinvideo.hpp" />
    <ClInclude Include="vp8encoderpin.hpp" />
    <ClInclude Include="vp8encoderproppage.hpp" />
  </ItemGroup>
  <ItemGroup>
    <Midl Include="..\IDL\vp8encoder.idl">
      <Filter>Resource Files</Filter>
    </Midl>
  </ItemGroup>
  <ItemGroup>
    <ResourceCompile Include="vp8encoder.rc">
      <Filter>Resource Files</Filter>
    </ResourceCompile>
  </ItemGroup>
  <ItemGroup>
    <ClCompile Include="..\IDL\vp8encoderidl.c">
      <Filter>Resource Files</Filter>
    </ClCompile>
    <ClCompile Include="..\common\cenumpins.cpp">
      <Filter>Common Files</Filter>
    </ClCompile>
    <ClCompile Include="..\common\cfactory.cpp">
      <Filter>Common Files</Filter>
    </ClCompile>
    <ClCompile Include="..\common\clockable.cpp">
      <Filter>Common Files</Filter>
    </ClCompile>
    <ClCompile Include="..\common\cmediasample.cpp">
      <Filter>Common Files</Filter>
    </ClCompile>
    <ClCompile Include="..\common\cmediatypes.cpp">
      <Filter>Common Files</Filter>
    </ClCompile>
    <ClCompile Include="..\common\cmemallocator.cpp">
      <Filter>Common Files</Filter>
    </ClCompile>
    <ClCompile Include="..\common\comreg.cpp">
      <Filter>Common Files</Filter>
    </ClCompile>
    <ClCompile Include="..\common\cvp8sample.cpp">
      <Filter>Common Files</Filter>
    </ClCompile>
    <ClCompile Include="..\common\mediatypeutil.cpp">
      <Filter>Common Files</Filter>
    </ClCompile>
    <ClCompile Include="..\common\webmtypes.cpp">
      <Filter>Common Files</Filter>
    </ClCompile>
    <ClCompile Include="dllentry.cpp" />
    <ClCompile Include="vp8encoderfilter.cpp" />
    <ClCompile Include="vp8encoderinpin.cpp" />
    <ClCompile Include="vp8encoderoutpin.cpp" />
    <ClCompile Include="vp8encoderoutpinpreview.cpp" />
    <ClCompile Include="vp8encoderoutpinvideo.cpp" />
    <ClCompile Include="vp8encoderpin.cpp" />
    <ClCompile Include="vp8encoderproppage.cpp" />
  </ItemGroup>
</Project>