<?xml version="1.0" encoding="utf-8"?>
<Project ToolsVersion="4.0" xmlns="http://schemas.microsoft.com/developer/msbuild/2003">
  <ItemGroup>
    <Filter Include="Resource Files">
      <UniqueIdentifier>{67DA6AB6-F800-4c08-8B7A-83BB121AAD01}</UniqueIdentifier>
      <Extensions>rc;ico;cur;bmp;dlg;rc2;rct;bin;rgs;gif;jpg;jpeg;jpe;resx;tiff;tif;png;wav</Extensions>
    </Filter>
    <Filter Include="Common Files">
      <UniqueIdentifier>{42a28c52-1e36-4771-8b4e-efffc8dffa26}</UniqueIdentifier>
    </Filter>
  </ItemGroup>
  <ItemGroup>
    <ClInclude Include="resource.h">
      <Filter>Resource Files</Filter>
    </ClInclude>
    <ClInclude Include="..\..\common\cfactory.hpp">
      <Filter>Common Files</Filter>
    </ClInclude>
    <ClInclude Include="..\..\common\clockable.hpp">
      <Filter>Common Files</Filter>
    </ClInclude>
    <ClInclude Include="..\..\common\comreg.hpp">
      <Filter>Common Files</Filter>
    </ClInclude>
    <ClInclude Include="..\..\common\iidstr.hpp">
      <Filter>Common Files</Filter>
    </ClInclude>
    <ClInclude Include="..\..\common\webmtypes.hpp">
      <Filter>Common Files</Filter>
    </ClInclude>
    <ClInclude Include="webmmfvp8dec.hpp" />
  </ItemGroup>
  <ItemGroup>
    <ResourceCompile Include="webmmfvp8dec.rc">
      <Filter>Resource Files</Filter>
    </ResourceCompile>
  </ItemGroup>
  <ItemGroup>
    <ClCompile Include="..\..\common\cfactory.cpp">
      <Filter>Common Files</Filter>
    </ClCompile>
    <ClCompile Include="..\..\common\clockable.cpp">
      <Filter>Common Files</Filter>
    </ClCompile>
    <ClCompile Include="..\..\common\comreg.cpp">
      <Filter>Common Files</Filter>
    </ClCompile>
    <ClCompile Include="..\..\common\iidstr.cpp">
      <Filter>Common Files</Filter>
    </ClCompile>
    <ClCompile Include="..\..\common\webmtypes.cpp">
      <Filter>Common Files</Filter>
    </ClCompile>
    <ClCompile Include="dllentry.cpp" />
    <ClCompile Include="webmmfvp8dec.cpp" />
  </ItemGroup>
</Project>