
Microsoft Visual Studio Solution File, Format Version 10.00
# Visual Studio 2008
Project("{8BC9CEB8-8B4A-11D0-8D11-00A0C91BC942}") = "webmmux_2008", "webmmux\webmmux_2008.vcproj", "{C3A37824-8CF1-4B1F-81B9-6D7A49CFC03C}"
EndProject
Project("{8BC9CEB8-8B4A-11D0-8D11-00A0C91BC942}") = "vp8decoder_2008", "vp8decoder\vp8decoder_2008.vcproj", "{6F6E72A5-570B-4281-B9A6-D09DD80A826F}"
EndProject
Project("{8BC9CEB8-8B4A-11D0-8D11-00A0C91BC942}") = "vp8encoder_2008", "vp8encoder\vp8encoder_2008.vcproj", "{8AD7BB4A-3923-405B-B70A-3778252248C5}"
EndProject
Project("{8BC9CEB8-8B4A-11D0-8D11-00A0C91BC942}") = "libmkvparser_2008", "libmkvparser\libmkvparser_2008.vcproj", "{71A257DD-0721-406F-9E32-283C46592285}"
EndProject
Project("{8BC9CEB8-8B4A-11D0-8D11-00A0C91BC942}") = "webmsource_2008", "webmsource\webmsource_2008.vcproj", "{3CB0ED2C-5AC7-4F3B-B7EA-1E5BD2EF77C3}"
	ProjectSection(ProjectDependencies) = postProject
		{71A257DD-0721-406F-9E32-283C46592285} = {71A257DD-0721-406F-9E32-283C46592285}
	EndProjectSection
EndProject
Project("{8BC9CEB8-8B4A-11D0-8D11-00A0C91BC942}") = "webmsplit_2008", "webmsplit\webmsplit_2008.vcproj", "{915A925A-8B03-43EC-A370-B604381E7D95}"
	ProjectSection(ProjectDependencies) = postProject
		{71A257DD-0721-406F-9E32-283C46592285} = {71A257DD-0721-406F-9E32-283C46592285}
	EndProjectSection
EndProject
Project("{8BC9CEB8-8B4A-11D0-8D11-00A0C91BC942}") = "makewebm_2008", "makewebm\makewebm_2008.vcproj", "{31E90A36-4E50-4955-BC0A-DB6AE6DB0DDA}"
EndProject
Project("{8BC9CEB8-8B4A-11D0-8D11-00A0C91BC942}") = "playwebm_2008", "playwebm\playwebm_2008.vcproj", "{663F2CAA-51A3-4F97-B1D7-B84AD17A3AAE}"
EndProject
Global
	GlobalSection(SolutionConfigurationPlatforms) = preSolution
		Debug|Any CPU = Debug|Any CPU
		Debug|Mixed Platforms = Debug|Mixed Platforms
		Debug|Win32 = Debug|Win32
		Release|Any CPU = Release|Any CPU
		Release|Mixed Platforms = Release|Mixed Platforms
		Release|Win32 = Release|Win32
	EndGlobalSection
	GlobalSection(ProjectConfigurationPlatforms) = postSolution
		{C3A37824-8CF1-4B1F-81B9-6D7A49CFC03C}.Debug|Any CPU.ActiveCfg = Debug|Win32
		{C3A37824-8CF1-4B1F-81B9-6D7A49CFC03C}.Debug|Mixed Platforms.ActiveCfg = Debug|Win32
		{C3A37824-8CF1-4B1F-81B9-6D7A49CFC03C}.Debug|Mixed Platforms.Build.0 = Debug|Win32
		{C3A37824-8CF1-4B1F-81B9-6D7A49CFC03C}.Debug|Win32.ActiveCfg = Debug|Win32
		{C3A37824-8CF1-4B1F-81B9-6D7A49CFC03C}.Debug|Win32.Build.0 = Debug|Win32
		{C3A37824-8CF1-4B1F-81B9-6D7A49CFC03C}.Release|Any CPU.ActiveCfg = Release|Win32
		{C3A37824-8CF1-4B1F-81B9-6D7A49CFC03C}.Release|Mixed Platforms.ActiveCfg = Release|Win32
		{C3A37824-8CF1-4B1F-81B9-6D7A49CFC03C}.Release|Mixed Platforms.Build.0 = Release|Win32
		{C3A37824-8CF1-4B1F-81B9-6D7A49CFC03C}.Release|Win32.ActiveCfg = Release|Win32
		{C3A37824-8CF1-4B1F-81B9-6D7A49CFC03C}.Release|Win32.Build.0 = Release|Win32
		{6F6E72A5-570B-4281-B9A6-D09DD80A826F}.Debug|Any CPU.ActiveCfg = Debug|Win32
		{6F6E72A5-570B-4281-B9A6-D09DD80A826F}.Debug|Mixed Platforms.ActiveCfg = Debug|Win32
		{6F6E72A5-570B-4281-B9A6-D09DD80A826F}.Debug|Mixed Platforms.Build.0 = Debug|Win32
		{6F6E72A5-570B-4281-B9A6-D09DD80A826F}.Debug|Win32.ActiveCfg = Debug|Win32
		{6F6E72A5-570B-4281-B9A6-D09DD80A826F}.Debug|Win32.Build.0 = Debug|Win32
		{6F6E72A5-570B-4281-B9A6-D09DD80A826F}.Release|Any CPU.ActiveCfg = Release|Win32
		{6F6E72A5-570B-4281-B9A6-D09DD80A826F}.Release|Mixed Platforms.ActiveCfg = Release|Win32
		{6F6E72A5-570B-4281-B9A6-D09DD80A826F}.Release|Mixed Platforms.Build.0 = Release|Win32
		{6F6E72A5-570B-4281-B9A6-D09DD80A826F}.Release|Win32.ActiveCfg = Release|Win32
		{6F6E72A5-570B-4281-B9A6-D09DD80A826F}.Release|Win32.Build.0 = Release|Win32
		{8AD7BB4A-3923-405B-B70A-3778252248C5}.Debug|Any CPU.ActiveCfg = Debug|Win32
		{8AD7BB4A-3923-405B-B70A-3778252248C5}.Debug|Mixed Platforms.ActiveCfg = Debug|Win32
		{8AD7BB4A-3923-405B-B70A-3778252248C5}.Debug|Mixed Platforms.Build.0 = Debug|Win32
		{8AD7BB4A-3923-405B-B70A-3778252248C5}.Debug|Win32.ActiveCfg = Debug|Win32
		{8AD7BB4A-3923-405B-B70A-3778252248C5}.Debug|Win32.Build.0 = Debug|Win32
		{8AD7BB4A-3923-405B-B70A-3778252248C5}.Release|Any CPU.ActiveCfg = Release|Win32
		{8AD7BB4A-3923-405B-B70A-3778252248C5}.Release|Mixed Platforms.ActiveCfg = Release|Win32
		{8AD7BB4A-3923-405B-B70A-3778252248C5}.Release|Mixed Platforms.Build.0 = Release|Win32
		{8AD7BB4A-3923-405B-B70A-3778252248C5}.Release|Win32.ActiveCfg = Release|Win32
		{8AD7BB4A-3923-405B-B70A-3778252248C5}.Release|Win32.Build.0 = Release|Win32
		{71A257DD-0721-406F-9E32-283C46592285}.Debug|Any CPU.ActiveCfg = Debug|Win32
		{71A257DD-0721-406F-9E32-283C46592285}.Debug|Mixed Platforms.ActiveCfg = Debug|Win32
		{71A257DD-0721-406F-9E32-283C46592285}.Debug|Mixed Platforms.Build.0 = Debug|Win32
		{71A257DD-0721-406F-9E32-283C46592285}.Debug|Win32.ActiveCfg = Debug|Win32
		{71A257DD-0721-406F-9E32-283C46592285}.Debug|Win32.Build.0 = Debug|Win32
		{71A257DD-0721-406F-9E32-283C46592285}.Release|Any CPU.ActiveCfg = Release|Win32
		{71A257DD-0721-406F-9E32-283C46592285}.Release|Mixed Platforms.ActiveCfg = Release|Win32
		{71A257DD-0721-406F-9E32-283C46592285}.Release|Mixed Platforms.Build.0 = Release|Win32
		{71A257DD-0721-406F-9E32-283C46592285}.Release|Win32.ActiveCfg = Release|Win32
		{71A257DD-0721-406F-9E32-283C46592285}.Release|Win32.Build.0 = Release|Win32
		{3CB0ED2C-5AC7-4F3B-B7EA-1E5BD2EF77C3}.Debug|Any CPU.ActiveCfg = Debug|Win32
		{3CB0ED2C-5AC7-4F3B-B7EA-1E5BD2EF77C3}.Debug|Mixed Platforms.ActiveCfg = Debug|Win32
		{3CB0ED2C-5AC7-4F3B-B7EA-1E5BD2EF77C3}.Debug|Mixed Platforms.Build.0 = Debug|Win32
		{3CB0ED2C-5AC7-4F3B-B7EA-1E5BD2EF77C3}.Debug|Win32.ActiveCfg = Debug|Win32
		{3CB0ED2C-5AC7-4F3B-B7EA-1E5BD2EF77C3}.Debug|Win32.Build.0 = Debug|Win32
		{3CB0ED2C-5AC7-4F3B-B7EA-1E5BD2EF77C3}.Release|Any CPU.ActiveCfg = Release|Win32
		{3CB0ED2C-5AC7-4F3B-B7EA-1E5BD2EF77C3}.Release|Mixed Platforms.ActiveCfg = Release|Win32
		{3CB0ED2C-5AC7-4F3B-B7EA-1E5BD2EF77C3}.Release|Mixed Platforms.Build.0 = Release|Win32
		{3CB0ED2C-5AC7-4F3B-B7EA-1E5BD2EF77C3}.Release|Win32.ActiveCfg = Release|Win32
		{3CB0ED2C-5AC7-4F3B-B7EA-1E5BD2EF77C3}.Release|Win32.Build.0 = Release|Win32
		{915A925A-8B03-43EC-A370-B604381E7D95}.Debug|Any CPU.ActiveCfg = Debug|Win32
		{915A925A-8B03-43EC-A370-B604381E7D95}.Debug|Mixed Platforms.ActiveCfg = Debug|Win32
		{915A925A-8B03-43EC-A370-B604381E7D95}.Debug|Mixed Platforms.Build.0 = Debug|Win32
		{915A925A-8B03-43EC-A370-B604381E7D95}.Debug|Win32.ActiveCfg = Debug|Win32
		{915A925A-8B03-43EC-A370-B604381E7D95}.Debug|Win32.Build.0 = Debug|Win32
		{915A925A-8B03-43EC-A370-B604381E7D95}.Release|Any CPU.ActiveCfg = Release|Win32
		{915A925A-8B03-43EC-A370-B604381E7D95}.Release|Mixed Platforms.ActiveCfg = Release|Win32
		{915A925A-8B03-43EC-A370-B604381E7D95}.Release|Mixed Platforms.Build.0 = Release|Win32
		{915A925A-8B03-43EC-A370-B604381E7D95}.Release|Win32.ActiveCfg = Release|Win32
		{915A925A-8B03-43EC-A370-B604381E7D95}.Release|Win32.Build.0 = Release|Win32
		{31E90A36-4E50-4955-BC0A-DB6AE6DB0DDA}.Debug|Any CPU.ActiveCfg = Debug|Win32
		{31E90A36-4E50-4955-BC0A-DB6AE6DB0DDA}.Debug|Mixed Platforms.ActiveCfg = Debug|Win32
		{31E90A36-4E50-4955-BC0A-DB6AE6DB0DDA}.Debug|Mixed Platforms.Build.0 = Debug|Win32
		{31E90A36-4E50-4955-BC0A-DB6AE6DB0DDA}.Debug|Win32.ActiveCfg = Debug|Win32
		{31E90A36-4E50-4955-BC0A-DB6AE6DB0DDA}.Debug|Win32.Build.0 = Debug|Win32
		{31E90A36-4E50-4955-BC0A-DB6AE6DB0DDA}.Release|Any CPU.ActiveCfg = Release|Win32
		{31E90A36-4E50-4955-BC0A-DB6AE6DB0DDA}.Release|Mixed Platforms.ActiveCfg = Release|Win32
		{31E90A36-4E50-4955-BC0A-DB6AE6DB0DDA}.Release|Mixed Platforms.Build.0 = Release|Win32
		{31E90A36-4E50-4955-BC0A-DB6AE6DB0DDA}.Release|Win32.ActiveCfg = Release|Win32
		{31E90A36-4E50-4955-BC0A-DB6AE6DB0DDA}.Release|Win32.Build.0 = Release|Win32
		{663F2CAA-51A3-4F97-B1D7-B84AD17A3AAE}.Debug|Any CPU.ActiveCfg = Debug|Win32
		{663F2CAA-51A3-4F97-B1D7-B84AD17A3AAE}.Debug|Mixed Platforms.ActiveCfg = Debug|Win32
		{663F2CAA-51A3-4F97-B1D7-B84AD17A3AAE}.Debug|Mixed Platforms.Build.0 = Debug|Win32
		{663F2CAA-51A3-4F97-B1D7-B84AD17A3AAE}.Debug|Win32.ActiveCfg = Debug|Win32
		{663F2CAA-51A3-4F97-B1D7-B84AD17A3AAE}.Debug|Win32.Build.0 = Debug|Win32
		{663F2CAA-51A3-4F97-B1D7-B84AD17A3AAE}.Release|Any CPU.ActiveCfg = Release|Win32
		{663F2CAA-51A3-4F97-B1D7-B84AD17A3AAE}.Release|Mixed Platforms.ActiveCfg = Release|Win32
		{663F2CAA-51A3-4F97-B1D7-B84AD17A3AAE}.Release|Mixed Platforms.Build.0 = Release|Win32
		{663F2CAA-51A3-4F97-B1D7-B84AD17A3AAE}.Release|Win32.ActiveCfg = Release|Win32
		{663F2CAA-51A3-4F97-B1D7-B84AD17A3AAE}.Release|Win32.Build.0 = Release|Win32
	EndGlobalSection
	GlobalSection(SolutionProperties) = preSolution
		HideSolutionNode = FALSE
	EndGlobalSection
EndGlobal
