
Microsoft Visual Studio Solution File, Format Version 10.00
# Visual Studio 2008
Project("{8BC9CEB8-8B4A-11D0-8D11-00A0C91BC942}") = "webmmfsource_2008", "webmmfsource\webmmfsource_2008.vcproj", "{9A43AE3B-13E0-4871-B08C-C20E5D72A323}"
EndProject
Project("{8BC9CEB8-8B4A-11D0-8D11-00A0C91BC942}") = "webmmfvp8dec_2008", "webmmfvp8dec\webmmfvp8dec_2008.vcproj", "{288D8052-555F-4AED-8FB2-CA2EB34D5CBE}"
EndProject
Global
	GlobalSection(SolutionConfigurationPlatforms) = preSolution
		Debug_x86|Win32 = Debug_x86|Win32
		Release_x86|Win32 = Release_x86|Win32
	EndGlobalSection
	GlobalSection(ProjectConfigurationPlatforms) = postSolution
		{9A43AE3B-13E0-4871-B08C-C20E5D72A323}.Debug_x86|Win32.ActiveCfg = Debug_x86|Win32
		{9A43AE3B-13E0-4871-B08C-C20E5D72A323}.Debug_x86|Win32.Build.0 = Debug_x86|Win32
		{9A43AE3B-13E0-4871-B08C-C20E5D72A323}.Release_x86|Win32.ActiveCfg = Release_x86|Win32
		{9A43AE3B-13E0-4871-B08C-C20E5D72A323}.Release_x86|Win32.Build.0 = Release_x86|Win32
		{288D8052-555F-4AED-8FB2-CA2EB34D5CBE}.Debug_x86|Win32.ActiveCfg = Debug_x86|Win32
		{288D8052-555F-4AED-8FB2-CA2EB34D5CBE}.Debug_x86|Win32.Build.0 = Debug_x86|Win32
		{288D8052-555F-4AED-8FB2-CA2EB34D5CBE}.Release_x86|Win32.ActiveCfg = Release_x86|Win32
		{288D8052-555F-4AED-8FB2-CA2EB34D5CBE}.Release_x86|Win32.Build.0 = Release_x86|Win32
	EndGlobalSection
	GlobalSection(SolutionProperties) = preSolution
		HideSolutionNode = FALSE
	EndGlobalSection
EndGlobal
