<?xml version="1.0" encoding="utf-8"?>
<Project ToolsVersion="4.0" xmlns="http://schemas.microsoft.com/developer/msbuild/2003">
  <ItemGroup>
    <Filter Include="Resource Files">
      <UniqueIdentifier>{67DA6AB6-F800-4c08-8B7A-83BB121AAD01}</UniqueIdentifier>
      <Extensions>rc;ico;cur;bmp;dlg;rc2;rct;bin;rgs;gif;jpg;jpeg;jpe;resx;tiff;tif;png;wav</Extensions>
    </Filter>
    <Filter Include="Common Files">
      <UniqueIdentifier>{74f8f8f4-7da3-4d97-a8fb-749ac0156388}</UniqueIdentifier>
    </Filter>
  </ItemGroup>
  <ItemGroup>
    <ResourceCompile Include="makewebm.rc">
      <Filter>Resource Files</Filter>
    </ResourceCompile>
  </ItemGroup>
  <ItemGroup>
    <ClInclude Include="resource.h">
      <Filter>Resource Files</Filter>
    </ClInclude>
    <ClInclude Include="..\IDL\webmmuxidl.h">
      <Filter>Resource Files</Filter>
    </ClInclude>
    <ClInclude Include="..\common\graphutil.h">
      <Filter>Common Files</Filter>
    </ClInclude>
    <ClInclude Include="..\common\mediatypeutil.h">
      <Filter>Common Files</Filter>
    </ClInclude>
    <ClInclude Include="..\common\versionhandling.h">
      <Filter>Common Files</Filter>
    </ClInclude>
    <ClInclude Include="..\common\vorbistypes.h">
      <Filter>Common Files</Filter>
    </ClInclude>
    <ClInclude Include="..\IDL\vp8encoderidl.h">
      <Filter>Common Files</Filter>
    </ClInclude>
    <ClInclude Include="..\common\webmtypes.h">
      <Filter>Common Files</Filter>
    </ClInclude>
    <ClInclude Include="makewebmapp.h" />
    <ClInclude Include="makewebmcmdline.h" />
    <ClInclude Include="memfile.h" />
  </ItemGroup>
  <ItemGroup>
    <ClCompile Include="..\IDL\webmmuxidl.c">
      <Filter>Resource Files</Filter>
    </ClCompile>
    <ClCompile Include="..\common\graphutil.cc">
      <Filter>Common Files</Filter>
    </ClCompile>
    <ClCompile Include="..\common\mediatypeutil.cc">
      <Filter>Common Files</Filter>
    </ClCompile>
    <ClCompile Include="..\common\versionhandling.cc">
      <Filter>Common Files</Filter>
    </ClCompile>
    <ClCompile Include="..\common\vorbistypes.cc">
      <Filter>Common Files</Filter>
    </ClCompile>
    <ClCompile Include="..\IDL\vp8encoderidl.c">
      <Filter>Common Files</Filter>
    </ClCompile>
    <ClCompile Include="..\common\webmtypes.cc">
      <Filter>Common Files</Filter>
    </ClCompile>
    <ClCompile Include="makewebmapp.cc" />
    <ClCompile Include="makewebmcmdline.cc" />
    <ClCompile Include="makewebmmain.cc" />
    <ClCompile Include="memfile.cc" />
  </ItemGroup>
</Project>