<?xml version="1.0" encoding="utf-8"?>
<Project ToolsVersion="4.0" xmlns="http://schemas.microsoft.com/developer/msbuild/2003">
  <ItemGroup>
    <Filter Include="Resource Files">
      <UniqueIdentifier>{67DA6AB6-F800-4c08-8B7A-83BB121AAD01}</UniqueIdentifier>
      <Extensions>rc;ico;cur;bmp;dlg;rc2;rct;bin;rgs;gif;jpg;jpeg;jpe;resx;tiff;tif;png;wav</Extensions>
    </Filter>
    <Filter Include="IDL">
      <UniqueIdentifier>{9d2c94c0-2648-41e6-acd4-2da26b84e071}</UniqueIdentifier>
    </Filter>
  </ItemGroup>
  <ItemGroup>
    <ResourceCompile Include="makewebm.rc">
      <Filter>Resource Files</Filter>
    </ResourceCompile>
  </ItemGroup>
  <ItemGroup>
    <ClInclude Include="resource.h">
      <Filter>Resource Files</Filter>
    </ClInclude>
    <ClInclude Include="..\IDL\webmmuxidl.h">
      <Filter>Resource Files</Filter>
    </ClInclude>
    <ClInclude Include="makewebmapp.h" />
    <ClInclude Include="makewebmcmdline.h" />
    <ClInclude Include="memfile.h" />
    <ClInclude Include="..\IDL\vp8encoderidl.h">
      <Filter>IDL</Filter>
    </ClInclude>
  </ItemGroup>
  <ItemGroup>
    <ClCompile Include="..\IDL\webmmuxidl.c">
      <Filter>Resource Files</Filter>
    </ClCompile>
    <ClCompile Include="makewebmapp.cc" />
    <ClCompile Include="makewebmcmdline.cc" />
    <ClCompile Include="makewebmmain.cc" />
    <ClCompile Include="memfile.cc" />
    <ClCompile Include="..\IDL\vp8encoderidl.c">
      <Filter>IDL</Filter>
    </ClCompile>
  </ItemGroup>
</Project>