<?xml version="1.0" encoding="utf-8"?>
<Project ToolsVersion="4.0" xmlns="http://schemas.microsoft.com/developer/msbuild/2003">
  <ItemGroup>
    <Filter Include="Resource Files">
      <UniqueIdentifier>{67DA6AB6-F800-4c08-8B7A-83BB121AAD01}</UniqueIdentifier>
      <Extensions>rc;ico;cur;bmp;dlg;rc2;rct;bin;rgs;gif;jpg;jpeg;jpe;resx;tiff;tif;png;wav</Extensions>
    </Filter>
    <Filter Include="Common Files">
      <UniqueIdentifier>{72218e0f-1024-4059-bc74-c4876e50f0d2}</UniqueIdentifier>
    </Filter>
  </ItemGroup>
  <ItemGroup>
    <ClCompile Include="..\common\cenumpins.cpp">
      <Filter>Common Files</Filter>
    </ClCompile>
    <ClCompile Include="..\common\cfactory.cpp">
      <Filter>Common Files</Filter>
    </ClCompile>
    <ClCompile Include="..\common\clockable.cpp">
      <Filter>Common Files</Filter>
    </ClCompile>
    <ClCompile Include="..\common\cmediasample.cpp">
      <Filter>Common Files</Filter>
    </ClCompile>
    <ClCompile Include="..\common\cmediatypes.cpp">
      <Filter>Common Files</Filter>
    </ClCompile>
    <ClCompile Include="..\common\cmemallocator.cpp">
      <Filter>Common Files</Filter>
    </ClCompile>
    <ClCompile Include="..\common\comreg.cpp">
      <Filter>Common Files</Filter>
    </ClCompile>
    <ClCompile Include="..\common\graphutil.cpp">
      <Filter>Common Files</Filter>
    </ClCompile>
    <ClCompile Include="..\common\mediatypeutil.cpp">
      <Filter>Common Files</Filter>
    </ClCompile>
    <ClCompile Include="..\common\webmtypes.cpp">
      <Filter>Common Files</Filter>
    </ClCompile>
    <ClCompile Include="dllentry.cpp" />
    <ClCompile Include="webmccfilter.cpp" />
    <ClCompile Include="webmccinpin.cpp" />
    <ClCompile Include="webmccoutpin.cpp" />
    <ClCompile Include="webmccpin.cpp" />
  </ItemGroup>
  <ItemGroup>
    <ClInclude Include="..\common\cenumpins.hpp">
      <Filter>Common Files</Filter>
    </ClInclude>
    <ClInclude Include="..\common\cfactory.hpp">
      <Filter>Common Files</Filter>
    </ClInclude>
    <ClInclude Include="..\common\clockable.hpp">
      <Filter>Common Files</Filter>
    </ClInclude>
    <ClInclude Include="..\common\cmediasample.hpp">
      <Filter>Common Files</Filter>
    </ClInclude>
    <ClInclude Include="..\common\cmediatypes.hpp">
      <Filter>Common Files</Filter>
    </ClInclude>
    <ClInclude Include="..\common\cmemallocator.hpp">
      <Filter>Common Files</Filter>
    </ClInclude>
    <ClInclude Include="..\common\comreg.hpp">
      <Filter>Common Files</Filter>
    </ClInclude>
    <ClInclude Include="..\common\graphutil.hpp">
      <Filter>Common Files</Filter>
    </ClInclude>
    <ClInclude Include="..\common\mediatypeutil.hpp">
      <Filter>Common Files</Filter>
    </ClInclude>
    <ClInclude Include="..\common\webmtypes.hpp">
      <Filter>Common Files</Filter>
    </ClInclude>
    <ClInclude Include="webmccfilter.hpp" />
    <ClInclude Include="webmccinpin.hpp" />
    <ClInclude Include="webmccoutpin.hpp" />
    <ClInclude Include="webmccpin.hpp" />
  </ItemGroup>
</Project>