<?xml version="1.0" encoding="utf-8"?>
<Project ToolsVersion="4.0" xmlns="http://schemas.microsoft.com/developer/msbuild/2003">
  <ItemGroup>
    <Filter Include="Common Files">
      <UniqueIdentifier>{817e28a5-ccc1-472f-ac7e-4c31c270bcb9}</UniqueIdentifier>
    </Filter>
    <Filter Include="Resource Files">
      <UniqueIdentifier>{67DA6AB6-F800-4c08-8B7A-83BB121AAD01}</UniqueIdentifier>
      <Extensions>rc;ico;cur;bmp;dlg;rc2;rct;bin;rgs;gif;jpg;jpeg;jpe;resx;tiff;tif;png;wav</Extensions>
    </Filter>
    <Filter Include="Ogg Files">
      <UniqueIdentifier>{34038ba4-a0a7-4641-97ef-0fefe6fc9ace}</UniqueIdentifier>
    </Filter>
  </ItemGroup>
  <ItemGroup>
    <ClCompile Include="..\common\cenumpins.cpp">
      <Filter>Common Files</Filter>
    </ClCompile>
    <ClCompile Include="..\common\cfactory.cpp">
      <Filter>Common Files</Filter>
    </ClCompile>
    <ClCompile Include="..\common\clockable.cpp">
      <Filter>Common Files</Filter>
    </ClCompile>
    <ClCompile Include="..\common\cmediasample.cpp">
      <Filter>Common Files</Filter>
    </ClCompile>
    <ClCompile Include="..\common\cmediatypes.cpp">
      <Filter>Common Files</Filter>
    </ClCompile>
    <ClCompile Include="..\common\cmemallocator.cpp">
      <Filter>Common Files</Filter>
    </ClCompile>
    <ClCompile Include="..\common\comreg.cpp">
      <Filter>Common Files</Filter>
    </ClCompile>
    <ClCompile Include="..\common\graphutil.cpp">
      <Filter>Common Files</Filter>
    </ClCompile>
    <ClCompile Include="..\common\mediatypeutil.cpp">
      <Filter>Common Files</Filter>
    </ClCompile>
    <ClCompile Include="..\common\vorbistypes.cpp">
      <Filter>Common Files</Filter>
    </ClCompile>
    <ClCompile Include="..\common\webmtypes.cpp">
      <Filter>Common Files</Filter>
    </ClCompile>
    <ClCompile Include="oggfile.cpp">
      <Filter>Ogg Files</Filter>
    </ClCompile>
    <ClCompile Include="oggparser.cpp">
      <Filter>Ogg Files</Filter>
    </ClCompile>
    <ClCompile Include="oggtrack.cpp">
      <Filter>Ogg Files</Filter>
    </ClCompile>
    <ClCompile Include="oggtrackaudio.cpp">
      <Filter>Ogg Files</Filter>
    </ClCompile>
    <ClCompile Include="dllentry.cpp" />
    <ClCompile Include="webmoggsourcefilter.cpp" />
    <ClCompile Include="webmoggsourceoutpin.cpp" />
    <ClCompile Include="webmoggsourcepin.cpp" />
  </ItemGroup>
  <ItemGroup>
    <ClInclude Include="..\common\cenumpins.hpp">
      <Filter>Common Files</Filter>
    </ClInclude>
    <ClInclude Include="..\common\cfactory.hpp">
      <Filter>Common Files</Filter>
    </ClInclude>
    <ClInclude Include="..\common\clockable.hpp">
      <Filter>Common Files</Filter>
    </ClInclude>
    <ClInclude Include="..\common\cmediasample.hpp">
      <Filter>Common Files</Filter>
    </ClInclude>
    <ClInclude Include="..\common\cmediatypes.hpp">
      <Filter>Common Files</Filter>
    </ClInclude>
    <ClInclude Include="..\common\cmemallocator.hpp">
      <Filter>Common Files</Filter>
    </ClInclude>
    <ClInclude Include="..\common\comreg.hpp">
      <Filter>Common Files</Filter>
    </ClInclude>
    <ClInclude Include="..\common\graphutil.hpp">
      <Filter>Common Files</Filter>
    </ClInclude>
    <ClInclude Include="..\common\mediatypeutil.hpp">
      <Filter>Common Files</Filter>
    </ClInclude>
    <ClInclude Include="..\common\vorbistypes.hpp">
      <Filter>Common Files</Filter>
    </ClInclude>
    <ClInclude Include="..\common\webmtypes.hpp">
      <Filter>Common Files</Filter>
    </ClInclude>
    <ClInclude Include="oggfile.hpp">
      <Filter>Ogg Files</Filter>
    </ClInclude>
    <ClInclude Include="oggparser.hpp">
      <Filter>Ogg Files</Filter>
    </ClInclude>
    <ClInclude Include="oggtrack.hpp">
      <Filter>Ogg Files</Filter>
    </ClInclude>
    <ClInclude Include="oggtrackaudio.hpp">
      <Filter>Ogg Files</Filter>
    </ClInclude>
    <ClInclude Include="webmoggsourcefilter.hpp" />
    <ClInclude Include="webmoggsourceoutpin.hpp" />
    <ClInclude Include="webmoggsourcepin.hpp" />
  </ItemGroup>
</Project>