<?xml version="1.0" encoding="utf-8"?>
<Project ToolsVersion="4.0" xmlns="http://schemas.microsoft.com/developer/msbuild/2003">
  <ItemGroup>
    <Filter Include="Common Files">
      <UniqueIdentifier>{80bfb1fa-6be1-4be3-bd53-adda36794837}</UniqueIdentifier>
    </Filter>
    <Filter Include="Resource Files">
      <UniqueIdentifier>{67DA6AB6-F800-4c08-8B7A-83BB121AAD01}</UniqueIdentifier>
      <Extensions>rc;ico;cur;bmp;dlg;rc2;rct;bin;rgs;gif;jpg;jpeg;jpe;resx;tiff;tif;png;wav</Extensions>
    </Filter>
  </ItemGroup>
  <ItemGroup>
    <ClCompile Include="..\common\cenumpins.cpp">
      <Filter>Common Files</Filter>
    </ClCompile>
    <ClCompile Include="..\common\cfactory.cpp">
      <Filter>Common Files</Filter>
    </ClCompile>
    <ClCompile Include="..\common\clockable.cpp">
      <Filter>Common Files</Filter>
    </ClCompile>
    <ClCompile Include="..\common\cmediasample.cpp">
      <Filter>Common Files</Filter>
    </ClCompile>
    <ClCompile Include="..\common\cmediatypes.cpp">
      <Filter>Common Files</Filter>
    </ClCompile>
    <ClCompile Include="..\common\cmemallocator.cpp">
      <Filter>Common Files</Filter>
    </ClCompile>
    <ClCompile Include="..\common\comreg.cpp">
      <Filter>Common Files</Filter>
    </ClCompile>
    <ClCompile Include="..\common\graphutil.cpp">
      <Filter>Common Files</Filter>
    </ClCompile>
    <ClCompile Include="..\common\mediatypeutil.cpp">
      <Filter>Common Files</Filter>
    </ClCompile>
    <ClCompile Include="..\common\scratchbuf.cpp">
      <Filter>Common Files</Filter>
    </ClCompile>
    <ClCompile Include="..\common\versionhandling.cpp">
      <Filter>Common Files</Filter>
    </ClCompile>
    <ClCompile Include="..\common\vorbistypes.cpp">
      <Filter>Common Files</Filter>
    </ClCompile>
    <ClCompile Include="..\common\webmtypes.cpp">
      <Filter>Common Files</Filter>
    </ClCompile>
    <ClCompile Include="..\IDL\webmmuxidl.c">
      <Filter>Resource Files</Filter>
    </ClCompile>
    <ClCompile Include="dllentry.cpp" />
    <ClCompile Include="webmmuxcontext.cpp" />
    <ClCompile Include="webmmuxebmlio.cpp" />
    <ClCompile Include="webmmuxfilter.cpp" />
    <ClCompile Include="webmmuxinpin.cpp" />
    <ClCompile Include="webmmuxinpinaudio.cpp" />
    <ClCompile Include="webmmuxinpinvideo.cpp" />
    <ClCompile Include="webmmuxoutpin.cpp" />
    <ClCompile Include="webmmuxpin.cpp" />
    <ClCompile Include="webmmuxstream.cpp" />
    <ClCompile Include="webmmuxstreamaudio.cpp" />
    <ClCompile Include="webmmuxstreamaudiovorbis.cpp" />
    <ClCompile Include="webmmuxstreamaudiovorbisogg.cpp" />
    <ClCompile Include="webmmuxstreamvideo.cpp" />
    <ClCompile Include="webmmuxstreamvideovpx.cpp" />
  </ItemGroup>
  <ItemGroup>
    <ClInclude Include="..\common\cenumpins.hpp">
      <Filter>Common Files</Filter>
    </ClInclude>
    <ClInclude Include="..\common\cfactory.hpp">
      <Filter>Common Files</Filter>
    </ClInclude>
    <ClInclude Include="..\common\clockable.hpp">
      <Filter>Common Files</Filter>
    </ClInclude>
    <ClInclude Include="..\common\cmediasample.hpp">
      <Filter>Common Files</Filter>
    </ClInclude>
    <ClInclude Include="..\common\cmediatypes.hpp">
      <Filter>Common Files</Filter>
    </ClInclude>
    <ClInclude Include="..\common\cmemallocator.hpp">
      <Filter>Common Files</Filter>
    </ClInclude>
    <ClInclude Include="..\common\comreg.hpp">
      <Filter>Common Files</Filter>
    </ClInclude>
    <ClInclude Include="..\common\graphutil.hpp">
      <Filter>Common Files</Filter>
    </ClInclude>
    <ClInclude Include="..\common\mediatypeutil.hpp">
      <Filter>Common Files</Filter>
    </ClInclude>
    <ClInclude Include="..\common\scratchbuf.hpp">
      <Filter>Common Files</Filter>
    </ClInclude>
    <ClInclude Include="..\common\versionhandling.hpp">
      <Filter>Common Files</Filter>
    </ClInclude>
    <ClInclude Include="..\common\vorbistypes.hpp">
      <Filter>Common Files</Filter>
    </ClInclude>
    <ClInclude Include="..\common\webmconstants.hpp">
      <Filter>Common Files</Filter>
    </ClInclude>
    <ClInclude Include="..\common\webmtypes.hpp">
      <Filter>Common Files</Filter>
    </ClInclude>
    <ClInclude Include="resource.h">
      <Filter>Resource Files</Filter>
    </ClInclude>
    <ClInclude Include="..\IDL\webmmuxidl.h">
      <Filter>Resource Files</Filter>
    </ClInclude>
    <ClInclude Include="webmmuxcontext.hpp" />
    <ClInclude Include="webmmuxebmlio.hpp" />
    <ClInclude Include="webmmuxfilter.hpp" />
    <ClInclude Include="webmmuxinpin.hpp" />
    <ClInclude Include="webmmuxinpinaudio.hpp" />
    <ClInclude Include="webmmuxinpinvideo.hpp" />
    <ClInclude Include="webmmuxoutpin.hpp" />
    <ClInclude Include="webmmuxpin.hpp" />
    <ClInclude Include="webmmuxstream.hpp" />
    <ClInclude Include="webmmuxstreamaudio.hpp" />
    <ClInclude Include="webmmuxstreamaudiovorbis.hpp" />
    <ClInclude Include="webmmuxstreamaudiovorbisogg.hpp" />
    <ClInclude Include="webmmuxstreamvideo.hpp" />
    <ClInclude Include="webmmuxstreamvideovpx.hpp" />
  </ItemGroup>
  <ItemGroup>
    <Midl Include="..\IDL\webmmux.idl">
      <Filter>Resource Files</Filter>
    </Midl>
  </ItemGroup>
  <ItemGroup>
    <ResourceCompile Include="webmmux.rc">
      <Filter>Resource Files</Filter>
    </ResourceCompile>
  </ItemGroup>
</Project>