<?xml version="1.0" encoding="utf-8"?>
<Project ToolsVersion="4.0" xmlns="http://schemas.microsoft.com/developer/msbuild/2003">
  <ItemGroup>
    <Filter Include="Resource Files">
      <UniqueIdentifier>{67DA6AB6-F800-4c08-8B7A-83BB121AAD01}</UniqueIdentifier>
      <Extensions>rc;ico;cur;bmp;dlg;rc2;rct;bin;rgs;gif;jpg;jpeg;jpe;resx;tiff;tif;png;wav</Extensions>
    </Filter>
    <Filter Include="IDL">
      <UniqueIdentifier>{84839b2b-71a4-4ad6-948a-aefa58d7c10a}</UniqueIdentifier>
    </Filter>
  </ItemGroup>
  <ItemGroup>
    <ClCompile Include="dllentry.cc" />
    <ClCompile Include="vpxdecoderfilter.cc" />
    <ClCompile Include="vpxdecoderinpin.cc" />
    <ClCompile Include="vpxdecoderoutpin.cc" />
    <ClCompile Include="vpxdecoderpin.cc" />
    <ClCompile Include="..\IDL\vpxdecoderidl.c">
      <Filter>IDL</Filter>
    </ClCompile>
  </ItemGroup>
  <ItemGroup>
    <ClInclude Include="resource.h">
      <Filter>Resource Files</Filter>
    </ClInclude>
    <ClInclude Include="vpxdecoderfilter.h" />
    <ClInclude Include="vpxdecoderinpin.h" />
    <ClInclude Include="vpxdecoderoutpin.h" />
    <ClInclude Include="vpxdecoderpin.h" />
    <ClInclude Include="..\IDL\vpxdecoderidl.h">
      <Filter>IDL</Filter>
    </ClInclude>
  </ItemGroup>
  <ItemGroup>
    <ResourceCompile Include="vpxdecoder.rc">
      <Filter>Resource Files</Filter>
    </ResourceCompile>
  </ItemGroup>
  <ItemGroup>
    <Midl Include="..\IDL\vpxdecoder.idl">
      <Filter>IDL</Filter>
    </Midl>
  </ItemGroup>
</Project>